// !$*UTF8*$!
{
	archiveVersion = 1;
	classes = {
	};
	objectVersion = 56;
	objects = {

/* Begin PBXBuildFile section */
		42B41B4B2BA4B27F00BCC732 /* AppDelegate.swift in Sources */ = {isa = PBXBuildFile; fileRef = 42B41B4A2BA4B27F00BCC732 /* AppDelegate.swift */; };
		42B41B4D2BA4B27F00BCC732 /* SceneDelegate.swift in Sources */ = {isa = PBXBuildFile; fileRef = 42B41B4C2BA4B27F00BCC732 /* SceneDelegate.swift */; };
		42B41B542BA4B28200BCC732 /* Assets.xcassets in Resources */ = {isa = PBXBuildFile; fileRef = 42B41B532BA4B28200BCC732 /* Assets.xcassets */; };
		42B41B572BA4B28200BCC732 /* LaunchScreen.storyboard in Resources */ = {isa = PBXBuildFile; fileRef = 42B41B552BA4B28200BCC732 /* LaunchScreen.storyboard */; };
		42B41B622BA4B28200BCC732 /* DragonBallProTests.swift in Sources */ = {isa = PBXBuildFile; fileRef = 42B41B612BA4B28200BCC732 /* DragonBallProTests.swift */; };
/* End PBXBuildFile section */

/* Begin PBXContainerItemProxy section */
		42B41B5E2BA4B28200BCC732 /* PBXContainerItemProxy */ = {
			isa = PBXContainerItemProxy;
			containerPortal = 42B41B3F2BA4B27F00BCC732 /* Project object */;
			proxyType = 1;
			remoteGlobalIDString = 42B41B462BA4B27F00BCC732;
			remoteInfo = DragonBallPro;
		};
/* End PBXContainerItemProxy section */

/* Begin PBXFileReference section */
		42B41B472BA4B27F00BCC732 /* DragonBallPro.app */ = {isa = PBXFileReference; explicitFileType = wrapper.application; includeInIndex = 0; path = DragonBallPro.app; sourceTree = BUILT_PRODUCTS_DIR; };
		42B41B4A2BA4B27F00BCC732 /* AppDelegate.swift */ = {isa = PBXFileReference; lastKnownFileType = sourcecode.swift; path = AppDelegate.swift; sourceTree = "<group>"; };
		42B41B4C2BA4B27F00BCC732 /* SceneDelegate.swift */ = {isa = PBXFileReference; lastKnownFileType = sourcecode.swift; path = SceneDelegate.swift; sourceTree = "<group>"; };
		42B41B532BA4B28200BCC732 /* Assets.xcassets */ = {isa = PBXFileReference; lastKnownFileType = folder.assetcatalog; path = Assets.xcassets; sourceTree = "<group>"; };
		42B41B562BA4B28200BCC732 /* Base */ = {isa = PBXFileReference; lastKnownFileType = file.storyboard; name = Base; path = Base.lproj/LaunchScreen.storyboard; sourceTree = "<group>"; };
		42B41B582BA4B28200BCC732 /* Info.plist */ = {isa = PBXFileReference; lastKnownFileType = text.plist.xml; path = Info.plist; sourceTree = "<group>"; };
		42B41B5D2BA4B28200BCC732 /* DragonBallProTests.xctest */ = {isa = PBXFileReference; explicitFileType = wrapper.cfbundle; includeInIndex = 0; path = DragonBallProTests.xctest; sourceTree = BUILT_PRODUCTS_DIR; };
		42B41B612BA4B28200BCC732 /* DragonBallProTests.swift */ = {isa = PBXFileReference; lastKnownFileType = sourcecode.swift; path = DragonBallProTests.swift; sourceTree = "<group>"; };
/* End PBXFileReference section */

/* Begin PBXFrameworksBuildPhase section */
		42B41B442BA4B27F00BCC732 /* Frameworks */ = {
			isa = PBXFrameworksBuildPhase;
			buildActionMask = 2147483647;
			files = (
			);
			runOnlyForDeploymentPostprocessing = 0;
		};
		42B41B5A2BA4B28200BCC732 /* Frameworks */ = {
			isa = PBXFrameworksBuildPhase;
			buildActionMask = 2147483647;
			files = (
			);
			runOnlyForDeploymentPostprocessing = 0;
		};
/* End PBXFrameworksBuildPhase section */

/* Begin PBXGroup section */
		42B41B3E2BA4B27F00BCC732 = {
			isa = PBXGroup;
			children = (
				42B41B492BA4B27F00BCC732 /* DragonBallPro */,
				42B41B602BA4B28200BCC732 /* DragonBallProTests */,
				42B41B482BA4B27F00BCC732 /* Products */,
			);
			sourceTree = "<group>";
		};
		42B41B482BA4B27F00BCC732 /* Products */ = {
			isa = PBXGroup;
			children = (
				42B41B472BA4B27F00BCC732 /* DragonBallPro.app */,
				42B41B5D2BA4B28200BCC732 /* DragonBallProTests.xctest */,
			);
			name = Products;
			sourceTree = "<group>";
		};
		42B41B492BA4B27F00BCC732 /* DragonBallPro */ = {
			isa = PBXGroup;
			children = (
				42B41B4A2BA4B27F00BCC732 /* AppDelegate.swift */,
				42B41B4C2BA4B27F00BCC732 /* SceneDelegate.swift */,
				42B41B532BA4B28200BCC732 /* Assets.xcassets */,
				42B41B552BA4B28200BCC732 /* LaunchScreen.storyboard */,
				42B41B582BA4B28200BCC732 /* Info.plist */,
			);
			path = DragonBallPro;
			sourceTree = "<group>";
		};
		42B41B602BA4B28200BCC732 /* DragonBallProTests */ = {
			isa = PBXGroup;
			children = (
				42B41B612BA4B28200BCC732 /* DragonBallProTests.swift */,
			);
			path = DragonBallProTests;
			sourceTree = "<group>";
		};
/* End PBXGroup section */

/* Begin PBXNativeTarget section */
		42B41B462BA4B27F00BCC732 /* DragonBallPro */ = {
			isa = PBXNativeTarget;
			buildConfigurationList = 42B41B712BA4B28200BCC732 /* Build configuration list for PBXNativeTarget "DragonBallPro" */;
			buildPhases = (
				42B41B432BA4B27F00BCC732 /* Sources */,
				42B41B442BA4B27F00BCC732 /* Frameworks */,
				42B41B452BA4B27F00BCC732 /* Resources */,
			);
			buildRules = (
			);
			dependencies = (
			);
			name = DragonBallPro;
			productName = DragonBallPro;
			productReference = 42B41B472BA4B27F00BCC732 /* DragonBallPro.app */;
			productType = "com.apple.product-type.application";
		};
		42B41B5C2BA4B28200BCC732 /* DragonBallProTests */ = {
			isa = PBXNativeTarget;
			buildConfigurationList = 42B41B742BA4B28200BCC732 /* Build configuration list for PBXNativeTarget "DragonBallProTests" */;
			buildPhases = (
				42B41B592BA4B28200BCC732 /* Sources */,
				42B41B5A2BA4B28200BCC732 /* Frameworks */,
				42B41B5B2BA4B28200BCC732 /* Resources */,
			);
			buildRules = (
			);
			dependencies = (
				42B41B5F2BA4B28200BCC732 /* PBXTargetDependency */,
			);
			name = DragonBallProTests;
			productName = DragonBallProTests;
			productReference = 42B41B5D2BA4B28200BCC732 /* DragonBallProTests.xctest */;
			productType = "com.apple.product-type.bundle.unit-test";
		};
/* End PBXNativeTarget section */

/* Begin PBXProject section */
		42B41B3F2BA4B27F00BCC732 /* Project object */ = {
			isa = PBXProject;
			attributes = {
				BuildIndependentTargetsInParallel = 1;
				LastSwiftUpdateCheck = 1520;
				LastUpgradeCheck = 1520;
				TargetAttributes = {
					42B41B462BA4B27F00BCC732 = {
						CreatedOnToolsVersion = 15.2;
					};
					42B41B5C2BA4B28200BCC732 = {
						CreatedOnToolsVersion = 15.2;
						TestTargetID = 42B41B462BA4B27F00BCC732;
					};
				};
			};
			buildConfigurationList = 42B41B422BA4B27F00BCC732 /* Build configuration list for PBXProject "DragonBallPro" */;
			compatibilityVersion = "Xcode 14.0";
			developmentRegion = en;
			hasScannedForEncodings = 0;
			knownRegions = (
				en,
				Base,
			);
			mainGroup = 42B41B3E2BA4B27F00BCC732;
			productRefGroup = 42B41B482BA4B27F00BCC732 /* Products */;
			projectDirPath = "";
			projectRoot = "";
			targets = (
				42B41B462BA4B27F00BCC732 /* DragonBallPro */,
				42B41B5C2BA4B28200BCC732 /* DragonBallProTests */,
			);
		};
/* End PBXProject section */

/* Begin PBXResourcesBuildPhase section */
		42B41B452BA4B27F00BCC732 /* Resources */ = {
			isa = PBXResourcesBuildPhase;
			buildActionMask = 2147483647;
			files = (
				42B41B572BA4B28200BCC732 /* LaunchScreen.storyboard in Resources */,
				42B41B542BA4B28200BCC732 /* Assets.xcassets in Resources */,
			);
			runOnlyForDeploymentPostprocessing = 0;
		};
		42B41B5B2BA4B28200BCC732 /* Resources */ = {
			isa = PBXResourcesBuildPhase;
			buildActionMask = 2147483647;
			files = (
			);
			runOnlyForDeploymentPostprocessing = 0;
		};
/* End PBXResourcesBuildPhase section */

/* Begin PBXSourcesBuildPhase section */
		42B41B432BA4B27F00BCC732 /* Sources */ = {
			isa = PBXSourcesBuildPhase;
			buildActionMask = 2147483647;
			files = (
				42B41B4B2BA4B27F00BCC732 /* AppDelegate.swift in Sources */,
				42B41B4D2BA4B27F00BCC732 /* SceneDelegate.swift in Sources */,
			);
			runOnlyForDeploymentPostprocessing = 0;
		};
		42B41B592BA4B28200BCC732 /* Sources */ = {
			isa = PBXSourcesBuildPhase;
			buildActionMask = 2147483647;
			files = (
				42B41B622BA4B28200BCC732 /* DragonBallProTests.swift in Sources */,
			);
			runOnlyForDeploymentPostprocessing = 0;
		};
/* End PBXSourcesBuildPhase section */

/* Begin PBXTargetDependency section */
		42B41B5F2BA4B28200BCC732 /* PBXTargetDependency */ = {
			isa = PBXTargetDependency;
			target = 42B41B462BA4B27F00BCC732 /* DragonBallPro */;
			targetProxy = 42B41B5E2BA4B28200BCC732 /* PBXContainerItemProxy */;
		};
/* End PBXTargetDependency section */

/* Begin PBXVariantGroup section */
		42B41B552BA4B28200BCC732 /* LaunchScreen.storyboard */ = {
			isa = PBXVariantGroup;
			children = (
				42B41B562BA4B28200BCC732 /* Base */,
			);
			name = LaunchScreen.storyboard;
			sourceTree = "<group>";
		};
/* End PBXVariantGroup section */

/* Begin XCBuildConfiguration section */
		42B41B6F2BA4B28200BCC732 /* Debug */ = {
			isa = XCBuildConfiguration;
			buildSettings = {
				ALWAYS_SEARCH_USER_PATHS = NO;
				ASSETCATALOG_COMPILER_GENERATE_SWIFT_ASSET_SYMBOL_EXTENSIONS = YES;
				CLANG_ANALYZER_NONNULL = YES;
				CLANG_ANALYZER_NUMBER_OBJECT_CONVERSION = YES_AGGRESSIVE;
				CLANG_CXX_LANGUAGE_STANDARD = "gnu++20";
				CLANG_ENABLE_MODULES = YES;
				CLANG_ENABLE_OBJC_ARC = YES;
				CLANG_ENABLE_OBJC_WEAK = YES;
				CLANG_WARN_BLOCK_CAPTURE_AUTORELEASING = YES;
				CLANG_WARN_BOOL_CONVERSION = YES;
				CLANG_WARN_COMMA = YES;
				CLANG_WARN_CONSTANT_CONVERSION = YES;
				CLANG_WARN_DEPRECATED_OBJC_IMPLEMENTATIONS = YES;
				CLANG_WARN_DIRECT_OBJC_ISA_USAGE = YES_ERROR;
				CLANG_WARN_DOCUMENTATION_COMMENTS = YES;
				CLANG_WARN_EMPTY_BODY = YES;
				CLANG_WARN_ENUM_CONVERSION = YES;
				CLANG_WARN_INFINITE_RECURSION = YES;
				CLANG_WARN_INT_CONVERSION = YES;
				CLANG_WARN_NON_LITERAL_NULL_CONVERSION = YES;
				CLANG_WARN_OBJC_IMPLICIT_RETAIN_SELF = YES;
				CLANG_WARN_OBJC_LITERAL_CONVERSION = YES;
				CLANG_WARN_OBJC_ROOT_CLASS = YES_ERROR;
				CLANG_WARN_QUOTED_INCLUDE_IN_FRAMEWORK_HEADER = YES;
				CLANG_WARN_RANGE_LOOP_ANALYSIS = YES;
				CLANG_WARN_STRICT_PROTOTYPES = YES;
				CLANG_WARN_SUSPICIOUS_MOVE = YES;
				CLANG_WARN_UNGUARDED_AVAILABILITY = YES_AGGRESSIVE;
				CLANG_WARN_UNREACHABLE_CODE = YES;
				CLANG_WARN__DUPLICATE_METHOD_MATCH = YES;
				COPY_PHASE_STRIP = NO;
				DEBUG_INFORMATION_FORMAT = dwarf;
				ENABLE_STRICT_OBJC_MSGSEND = YES;
				ENABLE_TESTABILITY = YES;
				ENABLE_USER_SCRIPT_SANDBOXING = YES;
				GCC_C_LANGUAGE_STANDARD = gnu17;
				GCC_DYNAMIC_NO_PIC = NO;
				GCC_NO_COMMON_BLOCKS = YES;
				GCC_OPTIMIZATION_LEVEL = 0;
				GCC_PREPROCESSOR_DEFINITIONS = (
					"DEBUG=1",
					"$(inherited)",
				);
				GCC_WARN_64_TO_32_BIT_CONVERSION = YES;
				GCC_WARN_ABOUT_RETURN_TYPE = YES_ERROR;
				GCC_WARN_UNDECLARED_SELECTOR = YES;
				GCC_WARN_UNINITIALIZED_AUTOS = YES_AGGRESSIVE;
				GCC_WARN_UNUSED_FUNCTION = YES;
				GCC_WARN_UNUSED_VARIABLE = YES;
				IPHONEOS_DEPLOYMENT_TARGET = 17.2;
				LOCALIZATION_PREFERS_STRING_CATALOGS = YES;
				MTL_ENABLE_DEBUG_INFO = INCLUDE_SOURCE;
				MTL_FAST_MATH = YES;
				ONLY_ACTIVE_ARCH = YES;
				SDKROOT = iphoneos;
				SWIFT_ACTIVE_COMPILATION_CONDITIONS = "DEBUG $(inherited)";
				SWIFT_OPTIMIZATION_LEVEL = "-Onone";
			};
			name = Debug;
		};
		42B41B702BA4B28200BCC732 /* Release */ = {
			isa = XCBuildConfiguration;
			buildSettings = {
				ALWAYS_SEARCH_USER_PATHS = NO;
				ASSETCATALOG_COMPILER_GENERATE_SWIFT_ASSET_SYMBOL_EXTENSIONS = YES;
				CLANG_ANALYZER_NONNULL = YES;
				CLANG_ANALYZER_NUMBER_OBJECT_CONVERSION = YES_AGGRESSIVE;
				CLANG_CXX_LANGUAGE_STANDARD = "gnu++20";
				CLANG_ENABLE_MODULES = YES;
				CLANG_ENABLE_OBJC_ARC = YES;
				CLANG_ENABLE_OBJC_WEAK = YES;
				CLANG_WARN_BLOCK_CAPTURE_AUTORELEASING = YES;
				CLANG_WARN_BOOL_CONVERSION = YES;
				CLANG_WARN_COMMA = YES;
				CLANG_WARN_CONSTANT_CONVERSION = YES;
				CLANG_WARN_DEPRECATED_OBJC_IMPLEMENTATIONS = YES;
				CLANG_WARN_DIRECT_OBJC_ISA_USAGE = YES_ERROR;
				CLANG_WARN_DOCUMENTATION_COMMENTS = YES;
				CLANG_WARN_EMPTY_BODY = YES;
				CLANG_WARN_ENUM_CONVERSION = YES;
				CLANG_WARN_INFINITE_RECURSION = YES;
				CLANG_WARN_INT_CONVERSION = YES;
				CLANG_WARN_NON_LITERAL_NULL_CONVERSION = YES;
				CLANG_WARN_OBJC_IMPLICIT_RETAIN_SELF = YES;
				CLANG_WARN_OBJC_LITERAL_CONVERSION = YES;
				CLANG_WARN_OBJC_ROOT_CLASS = YES_ERROR;
				CLANG_WARN_QUOTED_INCLUDE_IN_FRAMEWORK_HEADER = YES;
				CLANG_WARN_RANGE_LOOP_ANALYSIS = YES;
				CLANG_WARN_STRICT_PROTOTYPES = YES;
				CLANG_WARN_SUSPICIOUS_MOVE = YES;
				CLANG_WARN_UNGUARDED_AVAILABILITY = YES_AGGRESSIVE;
				CLANG_WARN_UNREACHABLE_CODE = YES;
				CLANG_WARN__DUPLICATE_METHOD_MATCH = YES;
				COPY_PHASE_STRIP = NO;
				DEBUG_INFORMATION_FORMAT = "dwarf-with-dsym";
				ENABLE_NS_ASSERTIONS = NO;
				ENABLE_STRICT_OBJC_MSGSEND = YES;
				ENABLE_USER_SCRIPT_SANDBOXING = YES;
				GCC_C_LANGUAGE_STANDARD = gnu17;
				GCC_NO_COMMON_BLOCKS = YES;
				GCC_WARN_64_TO_32_BIT_CONVERSION = YES;
				GCC_WARN_ABOUT_RETURN_TYPE = YES_ERROR;
				GCC_WARN_UNDECLARED_SELECTOR = YES;
				GCC_WARN_UNINITIALIZED_AUTOS = YES_AGGRESSIVE;
				GCC_WARN_UNUSED_FUNCTION = YES;
				GCC_WARN_UNUSED_VARIABLE = YES;
				IPHONEOS_DEPLOYMENT_TARGET = 17.2;
				LOCALIZATION_PREFERS_STRING_CATALOGS = YES;
				MTL_ENABLE_DEBUG_INFO = NO;
				MTL_FAST_MATH = YES;
				SDKROOT = iphoneos;
				SWIFT_COMPILATION_MODE = wholemodule;
				VALIDATE_PRODUCT = YES;
			};
			name = Release;
		};
		42B41B722BA4B28200BCC732 /* Debug */ = {
			isa = XCBuildConfiguration;
			buildSettings = {
				ASSETCATALOG_COMPILER_APPICON_NAME = AppIcon;
				ASSETCATALOG_COMPILER_GLOBAL_ACCENT_COLOR_NAME = AccentColor;
				CODE_SIGN_STYLE = Automatic;
				CURRENT_PROJECT_VERSION = 1;
				DEVELOPMENT_TEAM = L6V6H2LAL2;
				GENERATE_INFOPLIST_FILE = YES;
				INFOPLIST_FILE = DragonBallPro/Info.plist;
				INFOPLIST_KEY_UIApplicationSupportsIndirectInputEvents = YES;
				INFOPLIST_KEY_UILaunchStoryboardName = LaunchScreen;
				INFOPLIST_KEY_UISupportedInterfaceOrientations_iPad = "UIInterfaceOrientationPortrait UIInterfaceOrientationPortraitUpsideDown UIInterfaceOrientationLandscapeLeft UIInterfaceOrientationLandscapeRight";
				INFOPLIST_KEY_UISupportedInterfaceOrientations_iPhone = "UIInterfaceOrientationPortrait UIInterfaceOrientationLandscapeLeft UIInterfaceOrientationLandscapeRight";
				LD_RUNPATH_SEARCH_PATHS = (
					"$(inherited)",
					"@executable_path/Frameworks",
				);
				MARKETING_VERSION = 1.0;
				PRODUCT_BUNDLE_IDENTIFIER = J.B.C..DragonBallPro;
				PRODUCT_NAME = "$(TARGET_NAME)";
				SWIFT_EMIT_LOC_STRINGS = YES;
				SWIFT_VERSION = 5.0;
				TARGETED_DEVICE_FAMILY = "1,2";
			};
			name = Debug;
		};
		42B41B732BA4B28200BCC732 /* Release */ = {
			isa = XCBuildConfiguration;
			buildSettings = {
				ASSETCATALOG_COMPILER_APPICON_NAME = AppIcon;
				ASSETCATALOG_COMPILER_GLOBAL_ACCENT_COLOR_NAME = AccentColor;
				CODE_SIGN_STYLE = Automatic;
				CURRENT_PROJECT_VERSION = 1;
				DEVELOPMENT_TEAM = L6V6H2LAL2;
				GENERATE_INFOPLIST_FILE = YES;
				INFOPLIST_FILE = DragonBallPro/Info.plist;
				INFOPLIST_KEY_UIApplicationSupportsIndirectInputEvents = YES;
				INFOPLIST_KEY_UILaunchStoryboardName = LaunchScreen;
				INFOPLIST_KEY_UISupportedInterfaceOrientations_iPad = "UIInterfaceOrientationPortrait UIInterfaceOrientationPortraitUpsideDown UIInterfaceOrientationLandscapeLeft UIInterfaceOrientationLandscapeRight";
				INFOPLIST_KEY_UISupportedInterfaceOrientations_iPhone = "UIInterfaceOrientationPortrait UIInterfaceOrientationLandscapeLeft UIInterfaceOrientationLandscapeRight";
				LD_RUNPATH_SEARCH_PATHS = (
					"$(inherited)",
					"@executable_path/Frameworks",
				);
				MARKETING_VERSION = 1.0;
				PRODUCT_BUNDLE_IDENTIFIER = J.B.C..DragonBallPro;
				PRODUCT_NAME = "$(TARGET_NAME)";
				SWIFT_EMIT_LOC_STRINGS = YES;
				SWIFT_VERSION = 5.0;
				TARGETED_DEVICE_FAMILY = "1,2";
			};
			name = Release;
		};
		42B41B752BA4B28200BCC732 /* Debug */ = {
			isa = XCBuildConfiguration;
			buildSettings = {
				ALWAYS_EMBED_SWIFT_STANDARD_LIBRARIES = YES;
				BUNDLE_LOADER = "$(TEST_HOST)";
				CODE_SIGN_STYLE = Automatic;
				CURRENT_PROJECT_VERSION = 1;
				DEVELOPMENT_TEAM = L6V6H2LAL2;
				GENERATE_INFOPLIST_FILE = YES;
				IPHONEOS_DEPLOYMENT_TARGET = 17.2;
				MARKETING_VERSION = 1.0;
				PRODUCT_BUNDLE_IDENTIFIER = J.B.C..DragonBallProTests;
				PRODUCT_NAME = "$(TARGET_NAME)";
				SWIFT_EMIT_LOC_STRINGS = NO;
				SWIFT_VERSION = 5.0;
				TARGETED_DEVICE_FAMILY = "1,2";
				TEST_HOST = "$(BUILT_PRODUCTS_DIR)/DragonBallPro.app/$(BUNDLE_EXECUTABLE_FOLDER_PATH)/DragonBallPro";
			};
			name = Debug;
		};
		42B41B762BA4B28200BCC732 /* Release */ = {
			isa = XCBuildConfiguration;
			buildSettings = {
				ALWAYS_EMBED_SWIFT_STANDARD_LIBRARIES = YES;
				BUNDLE_LOADER = "$(TEST_HOST)";
				CODE_SIGN_STYLE = Automatic;
				CURRENT_PROJECT_VERSION = 1;
				DEVELOPMENT_TEAM = L6V6H2LAL2;
				GENERATE_INFOPLIST_FILE = YES;
				IPHONEOS_DEPLOYMENT_TARGET = 17.2;
				MARKETING_VERSION = 1.0;
				PRODUCT_BUNDLE_IDENTIFIER = J.B.C..DragonBallProTests;
				PRODUCT_NAME = "$(TARGET_NAME)";
				SWIFT_EMIT_LOC_STRINGS = NO;
				SWIFT_VERSION = 5.0;
				TARGETED_DEVICE_FAMILY = "1,2";
				TEST_HOST = "$(BUILT_PRODUCTS_DIR)/DragonBallPro.app/$(BUNDLE_EXECUTABLE_FOLDER_PATH)/DragonBallPro";
			};
			name = Release;
		};
/* End XCBuildConfiguration section */

/* Begin XCConfigurationList section */
		42B41B422BA4B27F00BCC732 /* Build configuration list for PBXProject "DragonBallPro" */ = {
			isa = XCConfigurationList;
			buildConfigurations = (
				42B41B6F2BA4B28200BCC732 /* Debug */,
				42B41B702BA4B28200BCC732 /* Release */,
			);
			defaultConfigurationIsVisible = 0;
			defaultConfigurationName = Release;
		};
		42B41B712BA4B28200BCC732 /* Build configuration list for PBXNativeTarget "DragonBallPro" */ = {
			isa = XCConfigurationList;
			buildConfigurations = (
				42B41B722BA4B28200BCC732 /* Debug */,
				42B41B732BA4B28200BCC732 /* Release */,
			);
			defaultConfigurationIsVisible = 0;
			defaultConfigurationName = Release;
		};
		42B41B742BA4B28200BCC732 /* Build configuration list for PBXNativeTarget "DragonBallProTests" */ = {
			isa = XCConfigurationList;
			buildConfigurations = (
				42B41B752BA4B28200BCC732 /* Debug */,
				42B41B762BA4B28200BCC732 /* Release */,
			);
			defaultConfigurationIsVisible = 0;
			defaultConfigurationName = Release;
		};
/* End XCConfigurationList section */
	};
	rootObject = 42B41B3F2BA4B27F00BCC732 /* Project object */;
}
