// !$*UTF8*$!
{
	archiveVersion = 1;
	classes = {
	};
	objectVersion = 56;
	objects = {

/* Begin PBXBuildFile section */
		42A233152BA60353004AAE4A /* LaunchScreen.storyboard in Resources */ = {isa = PBXBuildFile; fileRef = 42A233142BA60353004AAE4A /* LaunchScreen.storyboard */; };
		42A2331C2BA60564004AAE4A /* LoginViewController.swift in Sources */ = {isa = PBXBuildFile; fileRef = 42A2331A2BA60564004AAE4A /* LoginViewController.swift */; };
		42A2331D2BA60564004AAE4A /* LoginViewController.xib in Resources */ = {isa = PBXBuildFile; fileRef = 42A2331B2BA60564004AAE4A /* LoginViewController.xib */; };
		42A233202BA60A3F004AAE4A /* CombineCocoa in Frameworks */ = {isa = PBXBuildFile; productRef = 42A2331F2BA60A3F004AAE4A /* CombineCocoa */; };
		42A233222BA8126B004AAE4A /* URLResponse+Extension.swift in Sources */ = {isa = PBXBuildFile; fileRef = 42A233212BA8126B004AAE4A /* URLResponse+Extension.swift */; };
		42A233242BA968DB004AAE4A /* LoginStatus.swift in Sources */ = {isa = PBXBuildFile; fileRef = 42A233232BA968DB004AAE4A /* LoginStatus.swift */; };
		42A233282BAA0543004AAE4A /* Hero.swift in Sources */ = {isa = PBXBuildFile; fileRef = 42A233272BAA0543004AAE4A /* Hero.swift */; };
		42A2332A2BAA0783004AAE4A /* NetworkModel.swift in Sources */ = {isa = PBXBuildFile; fileRef = 42A233292BAA0783004AAE4A /* NetworkModel.swift */; };
		42A2332C2BAA107C004AAE4A /* HeroesViewModel.swift in Sources */ = {isa = PBXBuildFile; fileRef = 42A2332B2BAA107C004AAE4A /* HeroesViewModel.swift */; };
		42A2332E2BAA1121004AAE4A /* HeroesRepository.swift in Sources */ = {isa = PBXBuildFile; fileRef = 42A2332D2BAA1121004AAE4A /* HeroesRepository.swift */; };
		42A233302BAA1165004AAE4A /* HeroesRepositoryProtocol.swift in Sources */ = {isa = PBXBuildFile; fileRef = 42A2332F2BAA1165004AAE4A /* HeroesRepositoryProtocol.swift */; };
		42A233322BAA12F1004AAE4A /* HeroesUseCase.swift in Sources */ = {isa = PBXBuildFile; fileRef = 42A233312BAA12F1004AAE4A /* HeroesUseCase.swift */; };
		42A233372BAA3887004AAE4A /* HeroViewCell.swift in Sources */ = {isa = PBXBuildFile; fileRef = 42A233352BAA3887004AAE4A /* HeroViewCell.swift */; };
		42A233382BAA3887004AAE4A /* HeroViewCell.xib in Resources */ = {isa = PBXBuildFile; fileRef = 42A233362BAA3887004AAE4A /* HeroViewCell.xib */; };
		42A2333B2BAAB4A4004AAE4A /* Kingfisher in Frameworks */ = {isa = PBXBuildFile; productRef = 42A2333A2BAAB4A4004AAE4A /* Kingfisher */; };
		42A233412BAB8491004AAE4A /* DetailRepository.swift in Sources */ = {isa = PBXBuildFile; fileRef = 42A233402BAB8491004AAE4A /* DetailRepository.swift */; };
		42A233432BAB8586004AAE4A /* Location.swift in Sources */ = {isa = PBXBuildFile; fileRef = 42A233422BAB8586004AAE4A /* Location.swift */; };
		42A233452BAB85F8004AAE4A /* DetailRepositoryProtocol.swift in Sources */ = {isa = PBXBuildFile; fileRef = 42A233442BAB85F8004AAE4A /* DetailRepositoryProtocol.swift */; };
		42A233472BAB8668004AAE4A /* Transformations.swift in Sources */ = {isa = PBXBuildFile; fileRef = 42A233462BAB8668004AAE4A /* Transformations.swift */; };
		42A233492BAB86E8004AAE4A /* DetailUseCase.swift in Sources */ = {isa = PBXBuildFile; fileRef = 42A233482BAB86E8004AAE4A /* DetailUseCase.swift */; };
		42A2334B2BAB88E3004AAE4A /* DetailViewModel.swift in Sources */ = {isa = PBXBuildFile; fileRef = 42A2334A2BAB88E3004AAE4A /* DetailViewModel.swift */; };
		42A2334F2BAC0783004AAE4A /* DetailViewController.swift in Sources */ = {isa = PBXBuildFile; fileRef = 42A2334D2BAC0783004AAE4A /* DetailViewController.swift */; };
		42A233562BAC2894004AAE4A /* DetailViewController.xib in Resources */ = {isa = PBXBuildFile; fileRef = 42A233552BAC2894004AAE4A /* DetailViewController.xib */; };
		42A233682BACC385004AAE4A /* TransformationCell.swift in Sources */ = {isa = PBXBuildFile; fileRef = 42A233662BACC385004AAE4A /* TransformationCell.swift */; };
		42A233692BACC385004AAE4A /* TransformationCell.xib in Resources */ = {isa = PBXBuildFile; fileRef = 42A233672BACC385004AAE4A /* TransformationCell.xib */; };
		42A2336D2BACC923004AAE4A /* DetailTransformationViewController.swift in Sources */ = {isa = PBXBuildFile; fileRef = 42A2336B2BACC923004AAE4A /* DetailTransformationViewController.swift */; };
		42A2336E2BACC923004AAE4A /* DetailTransformationViewController.xib in Resources */ = {isa = PBXBuildFile; fileRef = 42A2336C2BACC923004AAE4A /* DetailTransformationViewController.xib */; };
		42A233702BACCB0F004AAE4A /* DetailTransformationViewModel.swift in Sources */ = {isa = PBXBuildFile; fileRef = 42A2336F2BACCB0F004AAE4A /* DetailTransformationViewModel.swift */; };
		42A233732BAE0325004AAE4A /* KeyChainTest.swift in Sources */ = {isa = PBXBuildFile; fileRef = 42A233722BAE0325004AAE4A /* KeyChainTest.swift */; };
		42B41B4B2BA4B27F00BCC732 /* AppDelegate.swift in Sources */ = {isa = PBXBuildFile; fileRef = 42B41B4A2BA4B27F00BCC732 /* AppDelegate.swift */; };
		42B41B4D2BA4B27F00BCC732 /* SceneDelegate.swift in Sources */ = {isa = PBXBuildFile; fileRef = 42B41B4C2BA4B27F00BCC732 /* SceneDelegate.swift */; };
		42B41B542BA4B28200BCC732 /* Assets.xcassets in Resources */ = {isa = PBXBuildFile; fileRef = 42B41B532BA4B28200BCC732 /* Assets.xcassets */; };
		42B41B892BA4DD9600BCC732 /* AppState.swift in Sources */ = {isa = PBXBuildFile; fileRef = 42B41B882BA4DD9600BCC732 /* AppState.swift */; };
		42B41B8B2BA4DEDA00BCC732 /* HTTPEndPoints.swift in Sources */ = {isa = PBXBuildFile; fileRef = 42B41B8A2BA4DEDA00BCC732 /* HTTPEndPoints.swift */; };
		42B41B8D2BA4DF7B00BCC732 /* HTTPMethods.swift in Sources */ = {isa = PBXBuildFile; fileRef = 42B41B8C2BA4DF7B00BCC732 /* HTTPMethods.swift */; };
		42B41B8F2BA4DFDC00BCC732 /* HTTPResponseCodes.swift in Sources */ = {isa = PBXBuildFile; fileRef = 42B41B8E2BA4DFDC00BCC732 /* HTTPResponseCodes.swift */; };
		42B41B922BA4E39700BCC732 /* HTTPHeader.swift in Sources */ = {isa = PBXBuildFile; fileRef = 42B41B912BA4E39700BCC732 /* HTTPHeader.swift */; };
		42B41B952BA4E5C500BCC732 /* HTTPAuthentication.swift in Sources */ = {isa = PBXBuildFile; fileRef = 42B41B942BA4E5C500BCC732 /* HTTPAuthentication.swift */; };
		42B41B982BA4F37700BCC732 /* NetworkLogin.swift in Sources */ = {isa = PBXBuildFile; fileRef = 42B41B972BA4F37700BCC732 /* NetworkLogin.swift */; };
		42B41B9A2BA4F46000BCC732 /* NetworkRequest.swift in Sources */ = {isa = PBXBuildFile; fileRef = 42B41B992BA4F46000BCC732 /* NetworkRequest.swift */; };
		42B41BA02BA5770D00BCC732 /* ConstantsApp.swift in Sources */ = {isa = PBXBuildFile; fileRef = 42B41B9F2BA5770D00BCC732 /* ConstantsApp.swift */; };
		42B41BA22BA57DC600BCC732 /* NetworkError.swift in Sources */ = {isa = PBXBuildFile; fileRef = 42B41BA12BA57DC600BCC732 /* NetworkError.swift */; };
		42B41BA42BA5830900BCC732 /* NetworkLoginTests.swift in Sources */ = {isa = PBXBuildFile; fileRef = 42B41BA32BA5830900BCC732 /* NetworkLoginTests.swift */; };
		42B41BAF2BA5930300BCC732 /* KeychainSwift in Frameworks */ = {isa = PBXBuildFile; productRef = 42B41BAE2BA5930300BCC732 /* KeychainSwift */; };
		42B41BB22BA5934E00BCC732 /* KeyChainStorage.swift in Sources */ = {isa = PBXBuildFile; fileRef = 42B41BB12BA5934E00BCC732 /* KeyChainStorage.swift */; };
		42B41BB42BA59CCD00BCC732 /* LoginRepository.swift in Sources */ = {isa = PBXBuildFile; fileRef = 42B41BB32BA59CCD00BCC732 /* LoginRepository.swift */; };
		42B41BB62BA59D9C00BCC732 /* LoginRepositoryProtocols.swift in Sources */ = {isa = PBXBuildFile; fileRef = 42B41BB52BA59D9C00BCC732 /* LoginRepositoryProtocols.swift */; };
		42B41BB82BA59F5000BCC732 /* LoginUseCase.swift in Sources */ = {isa = PBXBuildFile; fileRef = 42B41BB72BA59F5000BCC732 /* LoginUseCase.swift */; };
		42B41BC12BA5A5D100BCC732 /* HerosViewController.swift in Sources */ = {isa = PBXBuildFile; fileRef = 42B41BBF2BA5A5D100BCC732 /* HerosViewController.swift */; };
		42B41BC22BA5A5D100BCC732 /* HerosViewController.xib in Resources */ = {isa = PBXBuildFile; fileRef = 42B41BC02BA5A5D100BCC732 /* HerosViewController.xib */; };
/* End PBXBuildFile section */

/* Begin PBXContainerItemProxy section */
		42B41B5E2BA4B28200BCC732 /* PBXContainerItemProxy */ = {
			isa = PBXContainerItemProxy;
			containerPortal = 42B41B3F2BA4B27F00BCC732 /* Project object */;
			proxyType = 1;
			remoteGlobalIDString = 42B41B462BA4B27F00BCC732;
			remoteInfo = DragonBallPro;
		};
/* End PBXContainerItemProxy section */

/* Begin PBXFileReference section */
		42A233142BA60353004AAE4A /* LaunchScreen.storyboard */ = {isa = PBXFileReference; fileEncoding = 4; lastKnownFileType = file.storyboard; path = LaunchScreen.storyboard; sourceTree = "<group>"; };
		42A2331A2BA60564004AAE4A /* LoginViewController.swift */ = {isa = PBXFileReference; lastKnownFileType = sourcecode.swift; path = LoginViewController.swift; sourceTree = "<group>"; };
		42A2331B2BA60564004AAE4A /* LoginViewController.xib */ = {isa = PBXFileReference; lastKnownFileType = file.xib; path = LoginViewController.xib; sourceTree = "<group>"; };
		42A233212BA8126B004AAE4A /* URLResponse+Extension.swift */ = {isa = PBXFileReference; lastKnownFileType = sourcecode.swift; path = "URLResponse+Extension.swift"; sourceTree = "<group>"; };
		42A233232BA968DB004AAE4A /* LoginStatus.swift */ = {isa = PBXFileReference; lastKnownFileType = sourcecode.swift; path = LoginStatus.swift; sourceTree = "<group>"; };
		42A233272BAA0543004AAE4A /* Hero.swift */ = {isa = PBXFileReference; lastKnownFileType = sourcecode.swift; path = Hero.swift; sourceTree = "<group>"; };
		42A233292BAA0783004AAE4A /* NetworkModel.swift */ = {isa = PBXFileReference; lastKnownFileType = sourcecode.swift; path = NetworkModel.swift; sourceTree = "<group>"; };
		42A2332B2BAA107C004AAE4A /* HeroesViewModel.swift */ = {isa = PBXFileReference; lastKnownFileType = sourcecode.swift; path = HeroesViewModel.swift; sourceTree = "<group>"; };
		42A2332D2BAA1121004AAE4A /* HeroesRepository.swift */ = {isa = PBXFileReference; lastKnownFileType = sourcecode.swift; path = HeroesRepository.swift; sourceTree = "<group>"; };
		42A2332F2BAA1165004AAE4A /* HeroesRepositoryProtocol.swift */ = {isa = PBXFileReference; lastKnownFileType = sourcecode.swift; path = HeroesRepositoryProtocol.swift; sourceTree = "<group>"; };
		42A233312BAA12F1004AAE4A /* HeroesUseCase.swift */ = {isa = PBXFileReference; lastKnownFileType = sourcecode.swift; path = HeroesUseCase.swift; sourceTree = "<group>"; };
		42A233352BAA3887004AAE4A /* HeroViewCell.swift */ = {isa = PBXFileReference; lastKnownFileType = sourcecode.swift; path = HeroViewCell.swift; sourceTree = "<group>"; };
		42A233362BAA3887004AAE4A /* HeroViewCell.xib */ = {isa = PBXFileReference; lastKnownFileType = file.xib; path = HeroViewCell.xib; sourceTree = "<group>"; };
		42A233402BAB8491004AAE4A /* DetailRepository.swift */ = {isa = PBXFileReference; lastKnownFileType = sourcecode.swift; path = DetailRepository.swift; sourceTree = "<group>"; };
		42A233422BAB8586004AAE4A /* Location.swift */ = {isa = PBXFileReference; lastKnownFileType = sourcecode.swift; path = Location.swift; sourceTree = "<group>"; };
		42A233442BAB85F8004AAE4A /* DetailRepositoryProtocol.swift */ = {isa = PBXFileReference; lastKnownFileType = sourcecode.swift; path = DetailRepositoryProtocol.swift; sourceTree = "<group>"; };
		42A233462BAB8668004AAE4A /* Transformations.swift */ = {isa = PBXFileReference; lastKnownFileType = sourcecode.swift; path = Transformations.swift; sourceTree = "<group>"; };
		42A233482BAB86E8004AAE4A /* DetailUseCase.swift */ = {isa = PBXFileReference; lastKnownFileType = sourcecode.swift; path = DetailUseCase.swift; sourceTree = "<group>"; };
		42A2334A2BAB88E3004AAE4A /* DetailViewModel.swift */ = {isa = PBXFileReference; lastKnownFileType = sourcecode.swift; path = DetailViewModel.swift; sourceTree = "<group>"; };
		42A2334D2BAC0783004AAE4A /* DetailViewController.swift */ = {isa = PBXFileReference; lastKnownFileType = sourcecode.swift; path = DetailViewController.swift; sourceTree = "<group>"; };
		42A233552BAC2894004AAE4A /* DetailViewController.xib */ = {isa = PBXFileReference; fileEncoding = 4; lastKnownFileType = file.xib; path = DetailViewController.xib; sourceTree = "<group>"; };
		42A233662BACC385004AAE4A /* TransformationCell.swift */ = {isa = PBXFileReference; lastKnownFileType = sourcecode.swift; path = TransformationCell.swift; sourceTree = "<group>"; };
		42A233672BACC385004AAE4A /* TransformationCell.xib */ = {isa = PBXFileReference; lastKnownFileType = file.xib; path = TransformationCell.xib; sourceTree = "<group>"; };
		42A2336B2BACC923004AAE4A /* DetailTransformationViewController.swift */ = {isa = PBXFileReference; lastKnownFileType = sourcecode.swift; path = DetailTransformationViewController.swift; sourceTree = "<group>"; };
		42A2336C2BACC923004AAE4A /* DetailTransformationViewController.xib */ = {isa = PBXFileReference; lastKnownFileType = file.xib; path = DetailTransformationViewController.xib; sourceTree = "<group>"; };
		42A2336F2BACCB0F004AAE4A /* DetailTransformationViewModel.swift */ = {isa = PBXFileReference; lastKnownFileType = sourcecode.swift; path = DetailTransformationViewModel.swift; sourceTree = "<group>"; };
		42A233722BAE0325004AAE4A /* KeyChainTest.swift */ = {isa = PBXFileReference; lastKnownFileType = sourcecode.swift; path = KeyChainTest.swift; sourceTree = "<group>"; };
		42B41B472BA4B27F00BCC732 /* DragonBallPro.app */ = {isa = PBXFileReference; explicitFileType = wrapper.application; includeInIndex = 0; path = DragonBallPro.app; sourceTree = BUILT_PRODUCTS_DIR; };
		42B41B4A2BA4B27F00BCC732 /* AppDelegate.swift */ = {isa = PBXFileReference; lastKnownFileType = sourcecode.swift; path = AppDelegate.swift; sourceTree = "<group>"; };
		42B41B4C2BA4B27F00BCC732 /* SceneDelegate.swift */ = {isa = PBXFileReference; lastKnownFileType = sourcecode.swift; path = SceneDelegate.swift; sourceTree = "<group>"; };
		42B41B532BA4B28200BCC732 /* Assets.xcassets */ = {isa = PBXFileReference; lastKnownFileType = folder.assetcatalog; path = Assets.xcassets; sourceTree = "<group>"; };
		42B41B582BA4B28200BCC732 /* Info.plist */ = {isa = PBXFileReference; lastKnownFileType = text.plist.xml; path = Info.plist; sourceTree = "<group>"; };
		42B41B5D2BA4B28200BCC732 /* DragonBallProTests.xctest */ = {isa = PBXFileReference; explicitFileType = wrapper.cfbundle; includeInIndex = 0; path = DragonBallProTests.xctest; sourceTree = BUILT_PRODUCTS_DIR; };
		42B41B882BA4DD9600BCC732 /* AppState.swift */ = {isa = PBXFileReference; lastKnownFileType = sourcecode.swift; path = AppState.swift; sourceTree = "<group>"; };
		42B41B8A2BA4DEDA00BCC732 /* HTTPEndPoints.swift */ = {isa = PBXFileReference; lastKnownFileType = sourcecode.swift; path = HTTPEndPoints.swift; sourceTree = "<group>"; };
		42B41B8C2BA4DF7B00BCC732 /* HTTPMethods.swift */ = {isa = PBXFileReference; lastKnownFileType = sourcecode.swift; path = HTTPMethods.swift; sourceTree = "<group>"; };
		42B41B8E2BA4DFDC00BCC732 /* HTTPResponseCodes.swift */ = {isa = PBXFileReference; lastKnownFileType = sourcecode.swift; path = HTTPResponseCodes.swift; sourceTree = "<group>"; };
		42B41B912BA4E39700BCC732 /* HTTPHeader.swift */ = {isa = PBXFileReference; lastKnownFileType = sourcecode.swift; path = HTTPHeader.swift; sourceTree = "<group>"; };
		42B41B942BA4E5C500BCC732 /* HTTPAuthentication.swift */ = {isa = PBXFileReference; lastKnownFileType = sourcecode.swift; path = HTTPAuthentication.swift; sourceTree = "<group>"; };
		42B41B972BA4F37700BCC732 /* NetworkLogin.swift */ = {isa = PBXFileReference; lastKnownFileType = sourcecode.swift; path = NetworkLogin.swift; sourceTree = "<group>"; };
		42B41B992BA4F46000BCC732 /* NetworkRequest.swift */ = {isa = PBXFileReference; lastKnownFileType = sourcecode.swift; path = NetworkRequest.swift; sourceTree = "<group>"; };
		42B41B9F2BA5770D00BCC732 /* ConstantsApp.swift */ = {isa = PBXFileReference; lastKnownFileType = sourcecode.swift; path = ConstantsApp.swift; sourceTree = "<group>"; };
		42B41BA12BA57DC600BCC732 /* NetworkError.swift */ = {isa = PBXFileReference; lastKnownFileType = sourcecode.swift; path = NetworkError.swift; sourceTree = "<group>"; };
		42B41BA32BA5830900BCC732 /* NetworkLoginTests.swift */ = {isa = PBXFileReference; lastKnownFileType = sourcecode.swift; path = NetworkLoginTests.swift; sourceTree = "<group>"; };
		42B41BB12BA5934E00BCC732 /* KeyChainStorage.swift */ = {isa = PBXFileReference; lastKnownFileType = sourcecode.swift; path = KeyChainStorage.swift; sourceTree = "<group>"; };
		42B41BB32BA59CCD00BCC732 /* LoginRepository.swift */ = {isa = PBXFileReference; lastKnownFileType = sourcecode.swift; path = LoginRepository.swift; sourceTree = "<group>"; };
		42B41BB52BA59D9C00BCC732 /* LoginRepositoryProtocols.swift */ = {isa = PBXFileReference; lastKnownFileType = sourcecode.swift; path = LoginRepositoryProtocols.swift; sourceTree = "<group>"; };
		42B41BB72BA59F5000BCC732 /* LoginUseCase.swift */ = {isa = PBXFileReference; lastKnownFileType = sourcecode.swift; path = LoginUseCase.swift; sourceTree = "<group>"; };
		42B41BBF2BA5A5D100BCC732 /* HerosViewController.swift */ = {isa = PBXFileReference; lastKnownFileType = sourcecode.swift; path = HerosViewController.swift; sourceTree = "<group>"; };
		42B41BC02BA5A5D100BCC732 /* HerosViewController.xib */ = {isa = PBXFileReference; lastKnownFileType = file.xib; path = HerosViewController.xib; sourceTree = "<group>"; };
/* End PBXFileReference section */

/* Begin PBXFrameworksBuildPhase section */
		42B41B442BA4B27F00BCC732 /* Frameworks */ = {
			isa = PBXFrameworksBuildPhase;
			buildActionMask = 2147483647;
			files = (
				42A2333B2BAAB4A4004AAE4A /* Kingfisher in Frameworks */,
				42A233202BA60A3F004AAE4A /* CombineCocoa in Frameworks */,
				42B41BAF2BA5930300BCC732 /* KeychainSwift in Frameworks */,
			);
			runOnlyForDeploymentPostprocessing = 0;
		};
		42B41B5A2BA4B28200BCC732 /* Frameworks */ = {
			isa = PBXFrameworksBuildPhase;
			buildActionMask = 2147483647;
			files = (
			);
			runOnlyForDeploymentPostprocessing = 0;
		};
/* End PBXFrameworksBuildPhase section */

/* Begin PBXGroup section */
		42A233342BAA3865004AAE4A /* HerosCell */ = {
			isa = PBXGroup;
			children = (
				42A233352BAA3887004AAE4A /* HeroViewCell.swift */,
				42A233362BAA3887004AAE4A /* HeroViewCell.xib */,
			);
			path = HerosCell;
			sourceTree = "<group>";
		};
		42A2334C2BAC0765004AAE4A /* Detail */ = {
			isa = PBXGroup;
			children = (
				42A233652BACC358004AAE4A /* New Group */,
				42A2334D2BAC0783004AAE4A /* DetailViewController.swift */,
				42A233552BAC2894004AAE4A /* DetailViewController.xib */,
			);
			path = Detail;
			sourceTree = "<group>";
		};
		42A233652BACC358004AAE4A /* New Group */ = {
			isa = PBXGroup;
			children = (
				42A233662BACC385004AAE4A /* TransformationCell.swift */,
				42A233672BACC385004AAE4A /* TransformationCell.xib */,
			);
			path = "New Group";
			sourceTree = "<group>";
		};
		42A2336A2BACC8FD004AAE4A /* DetailTransformation */ = {
			isa = PBXGroup;
			children = (
				42A2336B2BACC923004AAE4A /* DetailTransformationViewController.swift */,
				42A2336C2BACC923004AAE4A /* DetailTransformationViewController.xib */,
			);
			path = DetailTransformation;
			sourceTree = "<group>";
		};
		42A233712BAE02D9004AAE4A /* keyChain */ = {
			isa = PBXGroup;
			children = (
				42A233722BAE0325004AAE4A /* KeyChainTest.swift */,
			);
			path = keyChain;
			sourceTree = "<group>";
		};
		42B41B3E2BA4B27F00BCC732 = {
			isa = PBXGroup;
			children = (
				42B41B492BA4B27F00BCC732 /* DragonBallPro */,
				42B41B962BA4E76800BCC732 /* Resources */,
				42B41B602BA4B28200BCC732 /* DragonBallProTests */,
				42B41B482BA4B27F00BCC732 /* Products */,
			);
			sourceTree = "<group>";
		};
		42B41B482BA4B27F00BCC732 /* Products */ = {
			isa = PBXGroup;
			children = (
				42B41B472BA4B27F00BCC732 /* DragonBallPro.app */,
				42B41B5D2BA4B28200BCC732 /* DragonBallProTests.xctest */,
			);
			name = Products;
			sourceTree = "<group>";
		};
		42B41B492BA4B27F00BCC732 /* DragonBallPro */ = {
			isa = PBXGroup;
			children = (
				42B41B4A2BA4B27F00BCC732 /* AppDelegate.swift */,
				42B41B4C2BA4B27F00BCC732 /* SceneDelegate.swift */,
				42B41B582BA4B28200BCC732 /* Info.plist */,
				42B41B7A2BA4B7EF00BCC732 /* Presentation */,
				42B41B7B2BA4B7FD00BCC732 /* Domain */,
				42B41B7C2BA4B80500BCC732 /* Data */,
			);
			path = DragonBallPro;
			sourceTree = "<group>";
		};
		42B41B602BA4B28200BCC732 /* DragonBallProTests */ = {
			isa = PBXGroup;
			children = (
				42B41BA92BA5889200BCC732 /* Helpers */,
				42B41BA62BA5836100BCC732 /* Mocks */,
				42B41BA52BA5835200BCC732 /* Data */,
			);
			path = DragonBallProTests;
			sourceTree = "<group>";
		};
		42B41B7A2BA4B7EF00BCC732 /* Presentation */ = {
			isa = PBXGroup;
			children = (
				42B41B7E2BA4B83000BCC732 /* Views */,
				42B41B7D2BA4B81E00BCC732 /* ViewModel */,
			);
			path = Presentation;
			sourceTree = "<group>";
		};
		42B41B7B2BA4B7FD00BCC732 /* Domain */ = {
			isa = PBXGroup;
			children = (
				42B41B872BA4B94500BCC732 /* Entities */,
				42B41B862BA4B93900BCC732 /* Extensions */,
				42B41B852BA4B92F00BCC732 /* UseCase */,
				42B41B842BA4B92900BCC732 /* Tools */,
				42B41B832BA4B91300BCC732 /* Protocols */,
			);
			path = Domain;
			sourceTree = "<group>";
		};
		42B41B7C2BA4B80500BCC732 /* Data */ = {
			isa = PBXGroup;
			children = (
				42B41B812BA4B87800BCC732 /* Repositories */,
				42B41B802BA4B87300BCC732 /* Local */,
				42B41B7F2BA4B86300BCC732 /* Network */,
			);
			path = Data;
			sourceTree = "<group>";
		};
		42B41B7D2BA4B81E00BCC732 /* ViewModel */ = {
			isa = PBXGroup;
			children = (
				42B41B882BA4DD9600BCC732 /* AppState.swift */,
				42A2332B2BAA107C004AAE4A /* HeroesViewModel.swift */,
				42A2334A2BAB88E3004AAE4A /* DetailViewModel.swift */,
				42A2336F2BACCB0F004AAE4A /* DetailTransformationViewModel.swift */,
			);
			path = ViewModel;
			sourceTree = "<group>";
		};
		42B41B7E2BA4B83000BCC732 /* Views */ = {
			isa = PBXGroup;
			children = (
				42A2336A2BACC8FD004AAE4A /* DetailTransformation */,
				42A2334C2BAC0765004AAE4A /* Detail */,
				42B41BBE2BA5A5BF00BCC732 /* Heros */,
				42B41BB92BA5A56000BCC732 /* Login */,
			);
			path = Views;
			sourceTree = "<group>";
		};
		42B41B7F2BA4B86300BCC732 /* Network */ = {
			isa = PBXGroup;
			children = (
				42B41B822BA4B8FF00BCC732 /* BaseNetwork */,
				42A233292BAA0783004AAE4A /* NetworkModel.swift */,
				42B41B972BA4F37700BCC732 /* NetworkLogin.swift */,
				42B41B992BA4F46000BCC732 /* NetworkRequest.swift */,
			);
			path = Network;
			sourceTree = "<group>";
		};
		42B41B802BA4B87300BCC732 /* Local */ = {
			isa = PBXGroup;
			children = (
				42B41BB02BA5933500BCC732 /* KeyChain */,
			);
			path = Local;
			sourceTree = "<group>";
		};
		42B41B812BA4B87800BCC732 /* Repositories */ = {
			isa = PBXGroup;
			children = (
				42B41BB32BA59CCD00BCC732 /* LoginRepository.swift */,
				42A2332D2BAA1121004AAE4A /* HeroesRepository.swift */,
				42A233402BAB8491004AAE4A /* DetailRepository.swift */,
			);
			path = Repositories;
			sourceTree = "<group>";
		};
		42B41B822BA4B8FF00BCC732 /* BaseNetwork */ = {
			isa = PBXGroup;
			children = (
				42B41B8A2BA4DEDA00BCC732 /* HTTPEndPoints.swift */,
				42B41B8E2BA4DFDC00BCC732 /* HTTPResponseCodes.swift */,
				42B41B8C2BA4DF7B00BCC732 /* HTTPMethods.swift */,
				42B41B912BA4E39700BCC732 /* HTTPHeader.swift */,
				42B41B942BA4E5C500BCC732 /* HTTPAuthentication.swift */,
				42B41BA12BA57DC600BCC732 /* NetworkError.swift */,
			);
			path = BaseNetwork;
			sourceTree = "<group>";
		};
		42B41B832BA4B91300BCC732 /* Protocols */ = {
			isa = PBXGroup;
			children = (
				42B41BB52BA59D9C00BCC732 /* LoginRepositoryProtocols.swift */,
				42A2332F2BAA1165004AAE4A /* HeroesRepositoryProtocol.swift */,
				42A233442BAB85F8004AAE4A /* DetailRepositoryProtocol.swift */,
			);
			path = Protocols;
			sourceTree = "<group>";
		};
		42B41B842BA4B92900BCC732 /* Tools */ = {
			isa = PBXGroup;
			children = (
				42B41B9F2BA5770D00BCC732 /* ConstantsApp.swift */,
			);
			path = Tools;
			sourceTree = "<group>";
		};
		42B41B852BA4B92F00BCC732 /* UseCase */ = {
			isa = PBXGroup;
			children = (
				42B41BB72BA59F5000BCC732 /* LoginUseCase.swift */,
				42A233312BAA12F1004AAE4A /* HeroesUseCase.swift */,
				42A233482BAB86E8004AAE4A /* DetailUseCase.swift */,
			);
			path = UseCase;
			sourceTree = "<group>";
		};
		42B41B862BA4B93900BCC732 /* Extensions */ = {
			isa = PBXGroup;
			children = (
				42A233212BA8126B004AAE4A /* URLResponse+Extension.swift */,
			);
			path = Extensions;
			sourceTree = "<group>";
		};
		42B41B872BA4B94500BCC732 /* Entities */ = {
			isa = PBXGroup;
			children = (
				42A233232BA968DB004AAE4A /* LoginStatus.swift */,
				42A233272BAA0543004AAE4A /* Hero.swift */,
				42A233422BAB8586004AAE4A /* Location.swift */,
				42A233462BAB8668004AAE4A /* Transformations.swift */,
			);
			path = Entities;
			sourceTree = "<group>";
		};
		42B41B962BA4E76800BCC732 /* Resources */ = {
			isa = PBXGroup;
			children = (
				42B41B532BA4B28200BCC732 /* Assets.xcassets */,
				42A233142BA60353004AAE4A /* LaunchScreen.storyboard */,
			);
			path = Resources;
			sourceTree = "<group>";
		};
		42B41BA52BA5835200BCC732 /* Data */ = {
			isa = PBXGroup;
			children = (
				42A233712BAE02D9004AAE4A /* keyChain */,
				42B41BAC2BA5899F00BCC732 /* Network */,
			);
			path = Data;
			sourceTree = "<group>";
		};
		42B41BA62BA5836100BCC732 /* Mocks */ = {
			isa = PBXGroup;
			children = (
			);
			path = Mocks;
			sourceTree = "<group>";
		};
		42B41BA92BA5889200BCC732 /* Helpers */ = {
			isa = PBXGroup;
			children = (
			);
			path = Helpers;
			sourceTree = "<group>";
		};
		42B41BAC2BA5899F00BCC732 /* Network */ = {
			isa = PBXGroup;
			children = (
				42B41BA32BA5830900BCC732 /* NetworkLoginTests.swift */,
			);
			path = Network;
			sourceTree = "<group>";
		};
		42B41BB02BA5933500BCC732 /* KeyChain */ = {
			isa = PBXGroup;
			children = (
				42B41BB12BA5934E00BCC732 /* KeyChainStorage.swift */,
			);
			path = KeyChain;
			sourceTree = "<group>";
		};
		42B41BB92BA5A56000BCC732 /* Login */ = {
			isa = PBXGroup;
			children = (
				42A2331A2BA60564004AAE4A /* LoginViewController.swift */,
				42A2331B2BA60564004AAE4A /* LoginViewController.xib */,
			);
			path = Login;
			sourceTree = "<group>";
		};
		42B41BBE2BA5A5BF00BCC732 /* Heros */ = {
			isa = PBXGroup;
			children = (
				42A233342BAA3865004AAE4A /* HerosCell */,
				42B41BBF2BA5A5D100BCC732 /* HerosViewController.swift */,
				42B41BC02BA5A5D100BCC732 /* HerosViewController.xib */,
			);
			path = Heros;
			sourceTree = "<group>";
		};
/* End PBXGroup section */

/* Begin PBXNativeTarget section */
		42B41B462BA4B27F00BCC732 /* DragonBallPro */ = {
			isa = PBXNativeTarget;
			buildConfigurationList = 42B41B712BA4B28200BCC732 /* Build configuration list for PBXNativeTarget "DragonBallPro" */;
			buildPhases = (
				42B41B432BA4B27F00BCC732 /* Sources */,
				42B41B442BA4B27F00BCC732 /* Frameworks */,
				42B41B452BA4B27F00BCC732 /* Resources */,
			);
			buildRules = (
			);
			dependencies = (
			);
			name = DragonBallPro;
			packageProductDependencies = (
				42B41BAE2BA5930300BCC732 /* KeychainSwift */,
				42A2331F2BA60A3F004AAE4A /* CombineCocoa */,
				42A2333A2BAAB4A4004AAE4A /* Kingfisher */,
			);
			productName = DragonBallPro;
			productReference = 42B41B472BA4B27F00BCC732 /* DragonBallPro.app */;
			productType = "com.apple.product-type.application";
		};
		42B41B5C2BA4B28200BCC732 /* DragonBallProTests */ = {
			isa = PBXNativeTarget;
			buildConfigurationList = 42B41B742BA4B28200BCC732 /* Build configuration list for PBXNativeTarget "DragonBallProTests" */;
			buildPhases = (
				42B41B592BA4B28200BCC732 /* Sources */,
				42B41B5A2BA4B28200BCC732 /* Frameworks */,
				42B41B5B2BA4B28200BCC732 /* Resources */,
			);
			buildRules = (
			);
			dependencies = (
				42B41B5F2BA4B28200BCC732 /* PBXTargetDependency */,
			);
			name = DragonBallProTests;
			productName = DragonBallProTests;
			productReference = 42B41B5D2BA4B28200BCC732 /* DragonBallProTests.xctest */;
			productType = "com.apple.product-type.bundle.unit-test";
		};
/* End PBXNativeTarget section */

/* Begin PBXProject section */
		42B41B3F2BA4B27F00BCC732 /* Project object */ = {
			isa = PBXProject;
			attributes = {
				BuildIndependentTargetsInParallel = 1;
				LastSwiftUpdateCheck = 1520;
				LastUpgradeCheck = 1520;
				TargetAttributes = {
					42B41B462BA4B27F00BCC732 = {
						CreatedOnToolsVersion = 15.2;
					};
					42B41B5C2BA4B28200BCC732 = {
						CreatedOnToolsVersion = 15.2;
						TestTargetID = 42B41B462BA4B27F00BCC732;
					};
				};
			};
			buildConfigurationList = 42B41B422BA4B27F00BCC732 /* Build configuration list for PBXProject "DragonBallPro" */;
			compatibilityVersion = "Xcode 14.0";
			developmentRegion = en;
			hasScannedForEncodings = 0;
			knownRegions = (
				en,
				Base,
			);
			mainGroup = 42B41B3E2BA4B27F00BCC732;
			packageReferences = (
				42B41BAD2BA5930300BCC732 /* XCRemoteSwiftPackageReference "keychain-swift" */,
				42A2331E2BA60A3F004AAE4A /* XCRemoteSwiftPackageReference "CombineCocoa" */,
				42A233392BAAB4A4004AAE4A /* XCRemoteSwiftPackageReference "Kingfisher" */,
			);
			productRefGroup = 42B41B482BA4B27F00BCC732 /* Products */;
			projectDirPath = "";
			projectRoot = "";
			targets = (
				42B41B462BA4B27F00BCC732 /* DragonBallPro */,
				42B41B5C2BA4B28200BCC732 /* DragonBallProTests */,
			);
		};
/* End PBXProject section */

/* Begin PBXResourcesBuildPhase section */
		42B41B452BA4B27F00BCC732 /* Resources */ = {
			isa = PBXResourcesBuildPhase;
			buildActionMask = 2147483647;
			files = (
				42A2336E2BACC923004AAE4A /* DetailTransformationViewController.xib in Resources */,
				42A2331D2BA60564004AAE4A /* LoginViewController.xib in Resources */,
				42A233562BAC2894004AAE4A /* DetailViewController.xib in Resources */,
				42B41BC22BA5A5D100BCC732 /* HerosViewController.xib in Resources */,
				42B41B542BA4B28200BCC732 /* Assets.xcassets in Resources */,
				42A233152BA60353004AAE4A /* LaunchScreen.storyboard in Resources */,
				42A233692BACC385004AAE4A /* TransformationCell.xib in Resources */,
				42A233382BAA3887004AAE4A /* HeroViewCell.xib in Resources */,
			);
			runOnlyForDeploymentPostprocessing = 0;
		};
		42B41B5B2BA4B28200BCC732 /* Resources */ = {
			isa = PBXResourcesBuildPhase;
			buildActionMask = 2147483647;
			files = (
			);
			runOnlyForDeploymentPostprocessing = 0;
		};
/* End PBXResourcesBuildPhase section */

/* Begin PBXSourcesBuildPhase section */
		42B41B432BA4B27F00BCC732 /* Sources */ = {
			isa = PBXSourcesBuildPhase;
			buildActionMask = 2147483647;
			files = (
				42A2331C2BA60564004AAE4A /* LoginViewController.swift in Sources */,
				42A2334F2BAC0783004AAE4A /* DetailViewController.swift in Sources */,
				42A233242BA968DB004AAE4A /* LoginStatus.swift in Sources */,
				42B41B8D2BA4DF7B00BCC732 /* HTTPMethods.swift in Sources */,
				42A233222BA8126B004AAE4A /* URLResponse+Extension.swift in Sources */,
				42B41BB62BA59D9C00BCC732 /* LoginRepositoryProtocols.swift in Sources */,
				42B41B892BA4DD9600BCC732 /* AppState.swift in Sources */,
				42A233432BAB8586004AAE4A /* Location.swift in Sources */,
				42B41B4B2BA4B27F00BCC732 /* AppDelegate.swift in Sources */,
				42A233472BAB8668004AAE4A /* Transformations.swift in Sources */,
				42A233322BAA12F1004AAE4A /* HeroesUseCase.swift in Sources */,
				42A233492BAB86E8004AAE4A /* DetailUseCase.swift in Sources */,
				42A2332E2BAA1121004AAE4A /* HeroesRepository.swift in Sources */,
				42A2336D2BACC923004AAE4A /* DetailTransformationViewController.swift in Sources */,
				42B41BB42BA59CCD00BCC732 /* LoginRepository.swift in Sources */,
				42B41BB22BA5934E00BCC732 /* KeyChainStorage.swift in Sources */,
				42A233302BAA1165004AAE4A /* HeroesRepositoryProtocol.swift in Sources */,
				42B41BC12BA5A5D100BCC732 /* HerosViewController.swift in Sources */,
				42B41B982BA4F37700BCC732 /* NetworkLogin.swift in Sources */,
				42A233282BAA0543004AAE4A /* Hero.swift in Sources */,
				42A233452BAB85F8004AAE4A /* DetailRepositoryProtocol.swift in Sources */,
				42B41B9A2BA4F46000BCC732 /* NetworkRequest.swift in Sources */,
				42A233412BAB8491004AAE4A /* DetailRepository.swift in Sources */,
				42B41BA02BA5770D00BCC732 /* ConstantsApp.swift in Sources */,
				42A2332A2BAA0783004AAE4A /* NetworkModel.swift in Sources */,
				42A2332C2BAA107C004AAE4A /* HeroesViewModel.swift in Sources */,
				42B41B952BA4E5C500BCC732 /* HTTPAuthentication.swift in Sources */,
				42A233702BACCB0F004AAE4A /* DetailTransformationViewModel.swift in Sources */,
				42A233372BAA3887004AAE4A /* HeroViewCell.swift in Sources */,
				42B41B8F2BA4DFDC00BCC732 /* HTTPResponseCodes.swift in Sources */,
				42B41B8B2BA4DEDA00BCC732 /* HTTPEndPoints.swift in Sources */,
				42A233682BACC385004AAE4A /* TransformationCell.swift in Sources */,
				42B41BA22BA57DC600BCC732 /* NetworkError.swift in Sources */,
				42B41B922BA4E39700BCC732 /* HTTPHeader.swift in Sources */,
				42B41B4D2BA4B27F00BCC732 /* SceneDelegate.swift in Sources */,
				42A2334B2BAB88E3004AAE4A /* DetailViewModel.swift in Sources */,
				42B41BB82BA59F5000BCC732 /* LoginUseCase.swift in Sources */,
			);
			runOnlyForDeploymentPostprocessing = 0;
		};
		42B41B592BA4B28200BCC732 /* Sources */ = {
			isa = PBXSourcesBuildPhase;
			buildActionMask = 2147483647;
			files = (
				42B41BA42BA5830900BCC732 /* NetworkLoginTests.swift in Sources */,
				42A233732BAE0325004AAE4A /* KeyChainTest.swift in Sources */,
			);
			runOnlyForDeploymentPostprocessing = 0;
		};
/* End PBXSourcesBuildPhase section */

/* Begin PBXTargetDependency section */
		42B41B5F2BA4B28200BCC732 /* PBXTargetDependency */ = {
			isa = PBXTargetDependency;
			target = 42B41B462BA4B27F00BCC732 /* DragonBallPro */;
			targetProxy = 42B41B5E2BA4B28200BCC732 /* PBXContainerItemProxy */;
		};
/* End PBXTargetDependency section */

/* Begin XCBuildConfiguration section */
		42B41B6F2BA4B28200BCC732 /* Debug */ = {
			isa = XCBuildConfiguration;
			buildSettings = {
				ALWAYS_SEARCH_USER_PATHS = NO;
				ASSETCATALOG_COMPILER_GENERATE_SWIFT_ASSET_SYMBOL_EXTENSIONS = YES;
				CLANG_ANALYZER_NONNULL = YES;
				CLANG_ANALYZER_NUMBER_OBJECT_CONVERSION = YES_AGGRESSIVE;
				CLANG_CXX_LANGUAGE_STANDARD = "gnu++20";
				CLANG_ENABLE_MODULES = YES;
				CLANG_ENABLE_OBJC_ARC = YES;
				CLANG_ENABLE_OBJC_WEAK = YES;
				CLANG_WARN_BLOCK_CAPTURE_AUTORELEASING = YES;
				CLANG_WARN_BOOL_CONVERSION = YES;
				CLANG_WARN_COMMA = YES;
				CLANG_WARN_CONSTANT_CONVERSION = YES;
				CLANG_WARN_DEPRECATED_OBJC_IMPLEMENTATIONS = YES;
				CLANG_WARN_DIRECT_OBJC_ISA_USAGE = YES_ERROR;
				CLANG_WARN_DOCUMENTATION_COMMENTS = YES;
				CLANG_WARN_EMPTY_BODY = YES;
				CLANG_WARN_ENUM_CONVERSION = YES;
				CLANG_WARN_INFINITE_RECURSION = YES;
				CLANG_WARN_INT_CONVERSION = YES;
				CLANG_WARN_NON_LITERAL_NULL_CONVERSION = YES;
				CLANG_WARN_OBJC_IMPLICIT_RETAIN_SELF = YES;
				CLANG_WARN_OBJC_LITERAL_CONVERSION = YES;
				CLANG_WARN_OBJC_ROOT_CLASS = YES_ERROR;
				CLANG_WARN_QUOTED_INCLUDE_IN_FRAMEWORK_HEADER = YES;
				CLANG_WARN_RANGE_LOOP_ANALYSIS = YES;
				CLANG_WARN_STRICT_PROTOTYPES = YES;
				CLANG_WARN_SUSPICIOUS_MOVE = YES;
				CLANG_WARN_UNGUARDED_AVAILABILITY = YES_AGGRESSIVE;
				CLANG_WARN_UNREACHABLE_CODE = YES;
				CLANG_WARN__DUPLICATE_METHOD_MATCH = YES;
				COPY_PHASE_STRIP = NO;
				DEBUG_INFORMATION_FORMAT = dwarf;
				ENABLE_STRICT_OBJC_MSGSEND = YES;
				ENABLE_TESTABILITY = YES;
				ENABLE_USER_SCRIPT_SANDBOXING = YES;
				GCC_C_LANGUAGE_STANDARD = gnu17;
				GCC_DYNAMIC_NO_PIC = NO;
				GCC_NO_COMMON_BLOCKS = YES;
				GCC_OPTIMIZATION_LEVEL = 0;
				GCC_PREPROCESSOR_DEFINITIONS = (
					"DEBUG=1",
					"$(inherited)",
				);
				GCC_WARN_64_TO_32_BIT_CONVERSION = YES;
				GCC_WARN_ABOUT_RETURN_TYPE = YES_ERROR;
				GCC_WARN_UNDECLARED_SELECTOR = YES;
				GCC_WARN_UNINITIALIZED_AUTOS = YES_AGGRESSIVE;
				GCC_WARN_UNUSED_FUNCTION = YES;
				GCC_WARN_UNUSED_VARIABLE = YES;
				IPHONEOS_DEPLOYMENT_TARGET = 17.2;
				LOCALIZATION_PREFERS_STRING_CATALOGS = YES;
				MTL_ENABLE_DEBUG_INFO = INCLUDE_SOURCE;
				MTL_FAST_MATH = YES;
				ONLY_ACTIVE_ARCH = YES;
				SDKROOT = iphoneos;
				SWIFT_ACTIVE_COMPILATION_CONDITIONS = "DEBUG $(inherited)";
				SWIFT_OPTIMIZATION_LEVEL = "-Onone";
			};
			name = Debug;
		};
		42B41B702BA4B28200BCC732 /* Release */ = {
			isa = XCBuildConfiguration;
			buildSettings = {
				ALWAYS_SEARCH_USER_PATHS = NO;
				ASSETCATALOG_COMPILER_GENERATE_SWIFT_ASSET_SYMBOL_EXTENSIONS = YES;
				CLANG_ANALYZER_NONNULL = YES;
				CLANG_ANALYZER_NUMBER_OBJECT_CONVERSION = YES_AGGRESSIVE;
				CLANG_CXX_LANGUAGE_STANDARD = "gnu++20";
				CLANG_ENABLE_MODULES = YES;
				CLANG_ENABLE_OBJC_ARC = YES;
				CLANG_ENABLE_OBJC_WEAK = YES;
				CLANG_WARN_BLOCK_CAPTURE_AUTORELEASING = YES;
				CLANG_WARN_BOOL_CONVERSION = YES;
				CLANG_WARN_COMMA = YES;
				CLANG_WARN_CONSTANT_CONVERSION = YES;
				CLANG_WARN_DEPRECATED_OBJC_IMPLEMENTATIONS = YES;
				CLANG_WARN_DIRECT_OBJC_ISA_USAGE = YES_ERROR;
				CLANG_WARN_DOCUMENTATION_COMMENTS = YES;
				CLANG_WARN_EMPTY_BODY = YES;
				CLANG_WARN_ENUM_CONVERSION = YES;
				CLANG_WARN_INFINITE_RECURSION = YES;
				CLANG_WARN_INT_CONVERSION = YES;
				CLANG_WARN_NON_LITERAL_NULL_CONVERSION = YES;
				CLANG_WARN_OBJC_IMPLICIT_RETAIN_SELF = YES;
				CLANG_WARN_OBJC_LITERAL_CONVERSION = YES;
				CLANG_WARN_OBJC_ROOT_CLASS = YES_ERROR;
				CLANG_WARN_QUOTED_INCLUDE_IN_FRAMEWORK_HEADER = YES;
				CLANG_WARN_RANGE_LOOP_ANALYSIS = YES;
				CLANG_WARN_STRICT_PROTOTYPES = YES;
				CLANG_WARN_SUSPICIOUS_MOVE = YES;
				CLANG_WARN_UNGUARDED_AVAILABILITY = YES_AGGRESSIVE;
				CLANG_WARN_UNREACHABLE_CODE = YES;
				CLANG_WARN__DUPLICATE_METHOD_MATCH = YES;
				COPY_PHASE_STRIP = NO;
				DEBUG_INFORMATION_FORMAT = "dwarf-with-dsym";
				ENABLE_NS_ASSERTIONS = NO;
				ENABLE_STRICT_OBJC_MSGSEND = YES;
				ENABLE_USER_SCRIPT_SANDBOXING = YES;
				GCC_C_LANGUAGE_STANDARD = gnu17;
				GCC_NO_COMMON_BLOCKS = YES;
				GCC_WARN_64_TO_32_BIT_CONVERSION = YES;
				GCC_WARN_ABOUT_RETURN_TYPE = YES_ERROR;
				GCC_WARN_UNDECLARED_SELECTOR = YES;
				GCC_WARN_UNINITIALIZED_AUTOS = YES_AGGRESSIVE;
				GCC_WARN_UNUSED_FUNCTION = YES;
				GCC_WARN_UNUSED_VARIABLE = YES;
				IPHONEOS_DEPLOYMENT_TARGET = 17.2;
				LOCALIZATION_PREFERS_STRING_CATALOGS = YES;
				MTL_ENABLE_DEBUG_INFO = NO;
				MTL_FAST_MATH = YES;
				SDKROOT = iphoneos;
				SWIFT_COMPILATION_MODE = wholemodule;
				VALIDATE_PRODUCT = YES;
			};
			name = Release;
		};
		42B41B722BA4B28200BCC732 /* Debug */ = {
			isa = XCBuildConfiguration;
			buildSettings = {
				ASSETCATALOG_COMPILER_APPICON_NAME = AppIcon;
				ASSETCATALOG_COMPILER_GLOBAL_ACCENT_COLOR_NAME = AccentColor;
				CODE_SIGN_STYLE = Automatic;
				CURRENT_PROJECT_VERSION = 1;
				DEVELOPMENT_TEAM = L6V6H2LAL2;
				GENERATE_INFOPLIST_FILE = YES;
				INFOPLIST_FILE = DragonBallPro/Info.plist;
				INFOPLIST_KEY_UIApplicationSupportsIndirectInputEvents = YES;
				INFOPLIST_KEY_UILaunchStoryboardName = LaunchScreen;
				INFOPLIST_KEY_UISupportedInterfaceOrientations_iPad = "UIInterfaceOrientationPortrait UIInterfaceOrientationPortraitUpsideDown UIInterfaceOrientationLandscapeLeft UIInterfaceOrientationLandscapeRight";
				INFOPLIST_KEY_UISupportedInterfaceOrientations_iPhone = "UIInterfaceOrientationPortrait UIInterfaceOrientationLandscapeLeft UIInterfaceOrientationLandscapeRight";
				LD_RUNPATH_SEARCH_PATHS = (
					"$(inherited)",
					"@executable_path/Frameworks",
				);
				MARKETING_VERSION = 1.0;
				PRODUCT_BUNDLE_IDENTIFIER = J.B.C..DragonBallPro;
				PRODUCT_NAME = "$(TARGET_NAME)";
				SWIFT_EMIT_LOC_STRINGS = YES;
				SWIFT_VERSION = 5.0;
				TARGETED_DEVICE_FAMILY = "1,2";
			};
			name = Debug;
		};
		42B41B732BA4B28200BCC732 /* Release */ = {
			isa = XCBuildConfiguration;
			buildSettings = {
				ASSETCATALOG_COMPILER_APPICON_NAME = AppIcon;
				ASSETCATALOG_COMPILER_GLOBAL_ACCENT_COLOR_NAME = AccentColor;
				CODE_SIGN_STYLE = Automatic;
				CURRENT_PROJECT_VERSION = 1;
				DEVELOPMENT_TEAM = L6V6H2LAL2;
				GENERATE_INFOPLIST_FILE = YES;
				INFOPLIST_FILE = DragonBallPro/Info.plist;
				INFOPLIST_KEY_UIApplicationSupportsIndirectInputEvents = YES;
				INFOPLIST_KEY_UILaunchStoryboardName = LaunchScreen;
				INFOPLIST_KEY_UISupportedInterfaceOrientations_iPad = "UIInterfaceOrientationPortrait UIInterfaceOrientationPortraitUpsideDown UIInterfaceOrientationLandscapeLeft UIInterfaceOrientationLandscapeRight";
				INFOPLIST_KEY_UISupportedInterfaceOrientations_iPhone = "UIInterfaceOrientationPortrait UIInterfaceOrientationLandscapeLeft UIInterfaceOrientationLandscapeRight";
				LD_RUNPATH_SEARCH_PATHS = (
					"$(inherited)",
					"@executable_path/Frameworks",
				);
				MARKETING_VERSION = 1.0;
				PRODUCT_BUNDLE_IDENTIFIER = J.B.C..DragonBallPro;
				PRODUCT_NAME = "$(TARGET_NAME)";
				SWIFT_EMIT_LOC_STRINGS = YES;
				SWIFT_VERSION = 5.0;
				TARGETED_DEVICE_FAMILY = "1,2";
			};
			name = Release;
		};
		42B41B752BA4B28200BCC732 /* Debug */ = {
			isa = XCBuildConfiguration;
			buildSettings = {
				ALWAYS_EMBED_SWIFT_STANDARD_LIBRARIES = YES;
				BUNDLE_LOADER = "$(TEST_HOST)";
				CODE_SIGN_STYLE = Automatic;
				CURRENT_PROJECT_VERSION = 1;
				DEVELOPMENT_TEAM = L6V6H2LAL2;
				GENERATE_INFOPLIST_FILE = YES;
				IPHONEOS_DEPLOYMENT_TARGET = 17.2;
				MARKETING_VERSION = 1.0;
				PRODUCT_BUNDLE_IDENTIFIER = J.B.C..DragonBallProTests;
				PRODUCT_NAME = "$(TARGET_NAME)";
				SWIFT_EMIT_LOC_STRINGS = NO;
				SWIFT_VERSION = 5.0;
				TARGETED_DEVICE_FAMILY = "1,2";
				TEST_HOST = "$(BUILT_PRODUCTS_DIR)/DragonBallPro.app/$(BUNDLE_EXECUTABLE_FOLDER_PATH)/DragonBallPro";
			};
			name = Debug;
		};
		42B41B762BA4B28200BCC732 /* Release */ = {
			isa = XCBuildConfiguration;
			buildSettings = {
				ALWAYS_EMBED_SWIFT_STANDARD_LIBRARIES = YES;
				BUNDLE_LOADER = "$(TEST_HOST)";
				CODE_SIGN_STYLE = Automatic;
				CURRENT_PROJECT_VERSION = 1;
				DEVELOPMENT_TEAM = L6V6H2LAL2;
				GENERATE_INFOPLIST_FILE = YES;
				IPHONEOS_DEPLOYMENT_TARGET = 17.2;
				MARKETING_VERSION = 1.0;
				PRODUCT_BUNDLE_IDENTIFIER = J.B.C..DragonBallProTests;
				PRODUCT_NAME = "$(TARGET_NAME)";
				SWIFT_EMIT_LOC_STRINGS = NO;
				SWIFT_VERSION = 5.0;
				TARGETED_DEVICE_FAMILY = "1,2";
				TEST_HOST = "$(BUILT_PRODUCTS_DIR)/DragonBallPro.app/$(BUNDLE_EXECUTABLE_FOLDER_PATH)/DragonBallPro";
			};
			name = Release;
		};
/* End XCBuildConfiguration section */

/* Begin XCConfigurationList section */
		42B41B422BA4B27F00BCC732 /* Build configuration list for PBXProject "DragonBallPro" */ = {
			isa = XCConfigurationList;
			buildConfigurations = (
				42B41B6F2BA4B28200BCC732 /* Debug */,
				42B41B702BA4B28200BCC732 /* Release */,
			);
			defaultConfigurationIsVisible = 0;
			defaultConfigurationName = Release;
		};
		42B41B712BA4B28200BCC732 /* Build configuration list for PBXNativeTarget "DragonBallPro" */ = {
			isa = XCConfigurationList;
			buildConfigurations = (
				42B41B722BA4B28200BCC732 /* Debug */,
				42B41B732BA4B28200BCC732 /* Release */,
			);
			defaultConfigurationIsVisible = 0;
			defaultConfigurationName = Release;
		};
		42B41B742BA4B28200BCC732 /* Build configuration list for PBXNativeTarget "DragonBallProTests" */ = {
			isa = XCConfigurationList;
			buildConfigurations = (
				42B41B752BA4B28200BCC732 /* Debug */,
				42B41B762BA4B28200BCC732 /* Release */,
			);
			defaultConfigurationIsVisible = 0;
			defaultConfigurationName = Release;
		};
/* End XCConfigurationList section */

/* Begin XCRemoteSwiftPackageReference section */
		42A2331E2BA60A3F004AAE4A /* XCRemoteSwiftPackageReference "CombineCocoa" */ = {
			isa = XCRemoteSwiftPackageReference;
			repositoryURL = "https://github.com/CombineCommunity/CombineCocoa.git";
			requirement = {
				kind = exactVersion;
				version = 0.4.1;
			};
		};
		42A233392BAAB4A4004AAE4A /* XCRemoteSwiftPackageReference "Kingfisher" */ = {
			isa = XCRemoteSwiftPackageReference;
			repositoryURL = "https://github.com/onevcat/Kingfisher.git";
			requirement = {
				kind = exactVersion;
				version = 7.11.0;
			};
		};
		42B41BAD2BA5930300BCC732 /* XCRemoteSwiftPackageReference "keychain-swift" */ = {
			isa = XCRemoteSwiftPackageReference;
			repositoryURL = "https://github.com/evgenyneu/keychain-swift.git";
			requirement = {
				kind = exactVersion;
				version = 21.0.0;
			};
		};
/* End XCRemoteSwiftPackageReference section */

/* Begin XCSwiftPackageProductDependency section */
		42A2331F2BA60A3F004AAE4A /* CombineCocoa */ = {
			isa = XCSwiftPackageProductDependency;
			package = 42A2331E2BA60A3F004AAE4A /* XCRemoteSwiftPackageReference "CombineCocoa" */;
			productName = CombineCocoa;
		};
		42A2333A2BAAB4A4004AAE4A /* Kingfisher */ = {
			isa = XCSwiftPackageProductDependency;
			package = 42A233392BAAB4A4004AAE4A /* XCRemoteSwiftPackageReference "Kingfisher" */;
			productName = Kingfisher;
		};
		42B41BAE2BA5930300BCC732 /* KeychainSwift */ = {
			isa = XCSwiftPackageProductDependency;
			package = 42B41BAD2BA5930300BCC732 /* XCRemoteSwiftPackageReference "keychain-swift" */;
			productName = KeychainSwift;
		};
/* End XCSwiftPackageProductDependency section */
	};
	rootObject = 42B41B3F2BA4B27F00BCC732 /* Project object */;
}
